# THIS IS AN AUTOGENERATED FILE. DO NOT EDIT THIS FILE DIRECTLY.
# yarn lockfile v1


"@types/lodash.debounce@^4.0.7":
  version "4.0.7"
  resolved "https://registry.yarnpkg.com/@types/lodash.debounce/-/lodash.debounce-4.0.7.tgz#0285879defb7cdb156ae633cecd62d5680eded9f"
  integrity sha512-X1T4wMZ+gT000M2/91SYj0d/7JfeNZ9PeeOldSNoE/lunLeQXKvkmIumI29IaKMotU/ln/McOIvgzZcQ/3TrSA==
  dependencies:
    "@types/lodash" "*"

"@types/lodash@*":
  version "4.14.199"
  resolved "https://registry.yarnpkg.com/@types/lodash/-/lodash-4.14.199.tgz#c3edb5650149d847a277a8961a7ad360c474e9bf"
  integrity sha512-Vrjz5N5Ia4SEzWWgIVwnHNEnb1UE1XMkvY5DGXrAeOGE9imk0hgTHh5GyDjLDJi9OTCn9oo9dXH1uToK1VRfrg==

clsx@^1.1.1:
  version "1.2.1"
  resolved "https://registry.yarnpkg.com/clsx/-/clsx-1.2.1.tgz#0ddc4a20a549b59c93a4116bb26f5294ca17dc12"
  integrity sha512-EcR6r5a8bj6pu3ycsa/E/cKVGuTgZJZdsyUYHOksG/UHIiKfjxzRxYJpyVBwYaQeOvghal9fcc4PidlgzugAQg==

lodash.debounce@^4.0.8:
  version "4.0.8"
  resolved "https://registry.yarnpkg.com/lodash.debounce/-/lodash.debounce-4.0.8.tgz#82d79bff30a67c4005ffd5e2515300ad9ca4d7af"
  integrity sha512-FT1yDzDYEoYWhnSGnpE/4Kj1fLZkDFyqRb7fNt6FdYOSxlUWAtp42Eh6Wb0rGIv/m9Bgo7x4GhQbm5Ys4SG5ow==
