# THIS IS AN AUTOGENERATED FILE. DO NOT EDIT THIS FILE DIRECTLY.
# yarn lockfile v1


"@types/react-gtm-module@^2.0.1":
  version "2.0.1"
  resolved "https://registry.yarnpkg.com/@types/react-gtm-module/-/react-gtm-module-2.0.1.tgz#b2c6cd14ec251d6ae7fa576edf1d43825908a378"
  integrity sha512-T/DN9gAbCYk5wJ1nxf4pSwmXz4d1iVjM++OoG+mwMfz9STMAotGjSb65gJHOS5bPvl6vLSsJnuC+y/43OQrltg==

react-gtm-module@^2.0.11:
  version "2.0.11"
  resolved "https://registry.yarnpkg.com/react-gtm-module/-/react-gtm-module-2.0.11.tgz#14484dac8257acd93614e347c32da9c5ac524206"
  integrity sha512-8gyj4TTxeP7eEyc2QKawEuQoAZdjKvMY4pgWfycGmqGByhs17fR+zEBs0JUDq4US/l+vbTl+6zvUIx27iDo/Vw==
