# THIS IS AN AUTOGENERATED FILE. DO NOT EDIT THIS FILE DIRECTLY.
# yarn lockfile v1


"@ekino/rendr-core@1.0.0-alpha.5", "@ekino/rendr-core@^1.0.0-alpha.5":
  version "1.0.0-alpha.5"
  resolved "https://registry.yarnpkg.com/@ekino/rendr-core/-/rendr-core-1.0.0-alpha.5.tgz#ff3593e3f5079bb7443b63e83aadb14f85067cae"
  integrity sha512-a0Uc/KDuNbHOngGuwqiVX9eaPOvEyrxSwhyRzNqKN4Nt4S+uva9Qx1NPqIAVUvE3vnsJLhtEQkdN/d/cjhpkNg==
  dependencies:
    "@types/url-parse" "^1.4.3"
    url-parse "^1.4.7"

"@ekino/rendr-loader@1.0.0-alpha.5":
  version "1.0.0-alpha.5"
  resolved "https://registry.yarnpkg.com/@ekino/rendr-loader/-/rendr-loader-1.0.0-alpha.5.tgz#9ab37f447ae6184cf103a8183e169eab4c2f017b"
  integrity sha512-4fYoFdriu9hiV+mirDH5Vpb00InC6w8w4SIty7ixaYBGOv3P9v5vieB7MmllB2rtdL7aTQWKOUk0r5fpwac54g==
  dependencies:
    "@ekino/rendr-core" "1.0.0-alpha.5"
    axios "^0.21.0"
    path-match "^1.2.4"
    url-parse "^1.4.4"

"@ekino/rendr-template-react@^1.0.0-alpha.5":
  version "1.0.0-alpha.5"
  resolved "https://registry.yarnpkg.com/@ekino/rendr-template-react/-/rendr-template-react-1.0.0-alpha.5.tgz#9ad9a3987d0b07a68e98e075ba3eb98c46746392"
  integrity sha512-ZjDxhysMnWrbruKTgNNWVWETS/ycSjZ2A8qy8LyKpInkNVBLs3pcNsH1sHZF7uW9DhRs9H4ljDqPQi8uwZf7Pg==
  dependencies:
    "@ekino/rendr-core" "1.0.0-alpha.5"
    "@ekino/rendr-loader" "1.0.0-alpha.5"

"@types/url-parse@^1.4.3":
  version "1.4.3"
  resolved "https://registry.yarnpkg.com/@types/url-parse/-/url-parse-1.4.3.tgz#fba49d90f834951cb000a674efee3d6f20968329"
  integrity sha512-4kHAkbV/OfW2kb5BLVUuUMoumB3CP8rHqlw48aHvFy5tf9ER0AfOonBlX29l/DD68G70DmyhRlSYfQPSYpC5Vw==

axios@^0.21.0:
  version "0.21.0"
  resolved "https://registry.yarnpkg.com/axios/-/axios-0.21.0.tgz#26df088803a2350dff2c27f96fef99fe49442aca"
  integrity sha512-fmkJBknJKoZwem3/IKSSLpkdNXZeBu5Q7GA/aRsr2btgrptmSCxi2oFjZHqGdK9DoTil9PIHlPIZw2EcRJXRvw==
  dependencies:
    follow-redirects "^1.10.0"

clsx@^1.1.1:
  version "1.1.1"
  resolved "https://registry.yarnpkg.com/clsx/-/clsx-1.1.1.tgz#98b3134f9abbdf23b2663491ace13c5c03a73188"
  integrity sha512-6/bPho624p3S2pMyvP5kKBPXnI3ufHLObBFCfgx+LkeR5lg2XYy2hqZqUf45ypD8COn2bhgGJSUE+l5dhNBieA==

follow-redirects@^1.10.0:
  version "1.13.0"
  resolved "https://registry.yarnpkg.com/follow-redirects/-/follow-redirects-1.13.0.tgz#b42e8d93a2a7eea5ed88633676d6597bc8e384db"
  integrity sha512-aq6gF1BEKje4a9i9+5jimNFIpq4Q1WiwBToeRK5NvZBd/TRsmW8BsJfOEGkr76TbOyPVD3OVDN910EcUNtRYEA==

http-errors@~1.4.0:
  version "1.4.0"
  resolved "https://registry.yarnpkg.com/http-errors/-/http-errors-1.4.0.tgz#6c0242dea6b3df7afda153c71089b31c6e82aabf"
  integrity sha1-bAJC3qaz33r9oVPHEImzHG6Cqr8=
  dependencies:
    inherits "2.0.1"
    statuses ">= 1.2.1 < 2"

inherits@2.0.1:
  version "2.0.1"
  resolved "https://registry.yarnpkg.com/inherits/-/inherits-2.0.1.tgz#b17d08d326b4423e568eff719f91b0b1cbdf69f1"
  integrity sha1-sX0I0ya0Qj5Wjv9xn5GwscvfafE=

isarray@0.0.1:
  version "0.0.1"
  resolved "https://registry.yarnpkg.com/isarray/-/isarray-0.0.1.tgz#8a18acfca9a8f4177e09abfc6038939b05d1eedf"
  integrity sha1-ihis/Kmo9Bd+Cav8YDiTmwXR7t8=

path-match@^1.2.4:
  version "1.2.4"
  resolved "https://registry.yarnpkg.com/path-match/-/path-match-1.2.4.tgz#a62747f3c7e0c2514762697f24443585b09100ea"
  integrity sha1-pidH88fgwlFHYml/JEQ1hbCRAOo=
  dependencies:
    http-errors "~1.4.0"
    path-to-regexp "^1.0.0"

path-to-regexp@^1.0.0:
  version "1.8.0"
  resolved "https://registry.yarnpkg.com/path-to-regexp/-/path-to-regexp-1.8.0.tgz#887b3ba9d84393e87a0a0b9f4cb756198b53548a"
  integrity sha512-n43JRhlUKUAlibEJhPeir1ncUID16QnEjNpwzNdO3Lm4ywrBpBZ5oLD0I6br9evr1Y9JTqwRtAh7JLoOzAQdVA==
  dependencies:
    isarray "0.0.1"

querystringify@^2.1.1:
  version "2.2.0"
  resolved "https://registry.yarnpkg.com/querystringify/-/querystringify-2.2.0.tgz#3345941b4153cb9d082d8eee4cda2016a9aef7f6"
  integrity sha512-FIqgj2EUvTa7R50u0rGsyTftzjYmv/a3hO345bZNrqabNqjtgiDMgmo4mkUjd+nzU5oF3dClKqFIPUKybUyqoQ==

requires-port@^1.0.0:
  version "1.0.0"
  resolved "https://registry.yarnpkg.com/requires-port/-/requires-port-1.0.0.tgz#925d2601d39ac485e091cf0da5c6e694dc3dcaff"
  integrity sha1-kl0mAdOaxIXgkc8NpcbmlNw9yv8=

"statuses@>= 1.2.1 < 2":
  version "1.5.0"
  resolved "https://registry.yarnpkg.com/statuses/-/statuses-1.5.0.tgz#161c7dac177659fd9811f43771fa99381478628c"
  integrity sha1-Fhx9rBd2Wf2YEfQ3cfqZOBR4Yow=

url-parse@^1.4.4, url-parse@^1.4.7:
  version "1.4.7"
  resolved "https://registry.yarnpkg.com/url-parse/-/url-parse-1.4.7.tgz#a8a83535e8c00a316e403a5db4ac1b9b853ae278"
  integrity sha512-d3uaVyzDB9tQoSXFvuSUNFibTd9zxd2bkVrDRvF5TmvWWQwqE4lgYJ5m+x1DbecWkw+LK4RNl2CU1hHuOKPVlg==
  dependencies:
    querystringify "^2.1.1"
    requires-port "^1.0.0"
